
Microsoft Visual Studio Solution File, Format Version 12.00
# Visual Studio Version 16
VisualStudioVersion = 16.0.30309.148
MinimumVisualStudioVersion = 10.0.40219.1
Project("{FAE04EC0-301F-11D3-BF4B-00C04F79EFBC}") = "Task_2_Exception_1", "Task_2_Exception_1\Task_2_Exception_1.csproj", "{82D63D2F-4C00-408C-82D9-0F713244A1A7}"
EndProject
Project("{FAE04EC0-301F-11D3-BF4B-00C04F79EFBC}") = "Task_2_Exception_2", "Task_2_Exception_2\Task_2_Exception_2.csproj", "{19F05C0E-E5B0-4030-A645-3B8CF488E17D}"
EndProject
Global
	GlobalSection(SolutionConfigurationPlatforms) = preSolution
		Debug|Any CPU = Debug|Any CPU
		Release|Any CPU = Release|Any CPU
	EndGlobalSection
	GlobalSection(ProjectConfigurationPlatforms) = postSolution
		{82D63D2F-4C00-408C-82D9-0F713244A1A7}.Debug|Any CPU.ActiveCfg = Debug|Any CPU
		{82D63D2F-4C00-408C-82D9-0F713244A1A7}.Debug|Any CPU.Build.0 = Debug|Any CPU
		{82D63D2F-4C00-408C-82D9-0F713244A1A7}.Release|Any CPU.ActiveCfg = Release|Any CPU
		{82D63D2F-4C00-408C-82D9-0F713244A1A7}.Release|Any CPU.Build.0 = Release|Any CPU
		{19F05C0E-E5B0-4030-A645-3B8CF488E17D}.Debug|Any CPU.ActiveCfg = Debug|Any CPU
		{19F05C0E-E5B0-4030-A645-3B8CF488E17D}.Debug|Any CPU.Build.0 = Debug|Any CPU
		{19F05C0E-E5B0-4030-A645-3B8CF488E17D}.Release|Any CPU.ActiveCfg = Release|Any CPU
		{19F05C0E-E5B0-4030-A645-3B8CF488E17D}.Release|Any CPU.Build.0 = Release|Any CPU
	EndGlobalSection
	GlobalSection(SolutionProperties) = preSolution
		HideSolutionNode = FALSE
	EndGlobalSection
	GlobalSection(ExtensibilityGlobals) = postSolution
		SolutionGuid = {07BF8992-AC9B-46AF-8444-136008A071CA}
	EndGlobalSection
EndGlobal
